
Microsoft Visual Studio Solution File, Format Version 12.00
# Visual Studio Version 16
VisualStudioVersion = 16.0.31105.61
MinimumVisualStudioVersion = 10.0.40219.1
Project("{FAE04EC0-301F-11D3-BF4B-00C04F79EFBC}") = "zAnnounce", "zAnnounce\zAnnounce.csproj", "{7C32EDFF-D4F8-4118-9468-C79E9BA722CE}"
EndProject
Global
	GlobalSection(SolutionConfigurationPlatforms) = preSolution
		Debug|Any CPU = Debug|Any CPU
		Release|Any CPU = Release|Any CPU
	EndGlobalSection
	GlobalSection(ProjectConfigurationPlatforms) = postSolution
		{7C32EDFF-D4F8-4118-9468-C79E9BA722CE}.Debug|Any CPU.ActiveCfg = Debug|Any CPU
		{7C32EDFF-D4F8-4118-9468-C79E9BA722CE}.Debug|Any CPU.Build.0 = Debug|Any CPU
		{7C32EDFF-D4F8-4118-9468-C79E9BA722CE}.Release|Any CPU.ActiveCfg = Release|Any CPU
		{7C32EDFF-D4F8-4118-9468-C79E9BA722CE}.Release|Any CPU.Build.0 = Release|Any CPU
	EndGlobalSection
	GlobalSection(SolutionProperties) = preSolution
		HideSolutionNode = FALSE
	EndGlobalSection
	GlobalSection(ExtensibilityGlobals) = postSolution
		SolutionGuid = {05A9751D-211F-4282-8036-C9781341B3A0}
	EndGlobalSection
EndGlobal
